
Microsoft Visual Studio Solution File, Format Version 11.00
# Visual Studio 2010
Project("{FAE04EC0-301F-11D3-BF4B-00C04F79EFBC}") = "Assembly-CSharp", "Assembly-CSharp.csproj", "{d0539f8c-b94d-da9a-3409-d14727f8bc45}"
EndProject
Project("{FAE04EC0-301F-11D3-BF4B-00C04F79EFBC}") = "Assembly-CSharp-Editor", "Assembly-CSharp-Editor.csproj", "{2e0840e3-c7d6-c512-2ea9-5684f7969dbc}"
EndProject
Global
	GlobalSection(SolutionConfigurationPlatforms) = preSolution
		Debug|Any CPU = Debug|Any CPU
	EndGlobalSection
	GlobalSection(ProjectConfigurationPlatforms) = postSolution
		{d0539f8c-b94d-da9a-3409-d14727f8bc45}.Debug|Any CPU.ActiveCfg = Debug|Any CPU
		{d0539f8c-b94d-da9a-3409-d14727f8bc45}.Debug|Any CPU.Build.0 = Debug|Any CPU
		{2e0840e3-c7d6-c512-2ea9-5684f7969dbc}.Debug|Any CPU.ActiveCfg = Debug|Any CPU
		{2e0840e3-c7d6-c512-2ea9-5684f7969dbc}.Debug|Any CPU.Build.0 = Debug|Any CPU
	EndGlobalSection
	GlobalSection(SolutionProperties) = preSolution
		HideSolutionNode = FALSE
	EndGlobalSection
EndGlobal
